
Microsoft Visual Studio Solution File, Format Version 12.00
# Visual Studio Version 17
VisualStudioVersion = 17.13.35931.197 d17.13
MinimumVisualStudioVersion = 10.0.40219.1
Project("{FAE04EC0-301F-11D3-BF4B-00C04F79EFBC}") = "Expense Tracker", "Expense Tracker.csproj", "{D535899E-6913-4476-B7DA-339896BC7F99}"
EndProject
Global
	GlobalSection(SolutionConfigurationPlatforms) = preSolution
		Debug|Any CPU = Debug|Any CPU
		Release|Any CPU = Release|Any CPU
	EndGlobalSection
	GlobalSection(ProjectConfigurationPlatforms) = postSolution
		{D535899E-6913-4476-B7DA-339896BC7F99}.Debug|Any CPU.ActiveCfg = Debug|Any CPU
		{D535899E-6913-4476-B7DA-339896BC7F99}.Debug|Any CPU.Build.0 = Debug|Any CPU
		{D535899E-6913-4476-B7DA-339896BC7F99}.Release|Any CPU.ActiveCfg = Release|Any CPU
		{D535899E-6913-4476-B7DA-339896BC7F99}.Release|Any CPU.Build.0 = Release|Any CPU
	EndGlobalSection
	GlobalSection(SolutionProperties) = preSolution
		HideSolutionNode = FALSE
	EndGlobalSection
	GlobalSection(ExtensibilityGlobals) = postSolution
		SolutionGuid = {9F0640A2-5A35-4549-B4C3-9CE28732AB36}
	EndGlobalSection
EndGlobal
